
Microsoft Visual Studio Solution File, Format Version 12.00
# Visual Studio 2013
Project("{FAE04EC0-301F-11D3-BF4B-00C04F79EFBC}") = "FingerPainting.CSharp", "FingerPainting.CSharp.csproj", "{B1751972-5C05-5340-515B-0179BBFC945B}"
EndProject
Project("{FAE04EC0-301F-11D3-BF4B-00C04F79EFBC}") = "FingerPainting.CSharp.Editor", "FingerPainting.CSharp.Editor.csproj", "{C087395D-E528-8E0F-4DE0-D6C388DFF517}"
EndProject
Global
	GlobalSection(SolutionConfigurationPlatforms) = preSolution
		Debug|Any CPU = Debug|Any CPU
		Release|Any CPU = Release|Any CPU
	EndGlobalSection
	GlobalSection(ProjectConfigurationPlatforms) = postSolution
		{B1751972-5C05-5340-515B-0179BBFC945B}.Debug|Any CPU.ActiveCfg = Debug|Any CPU
		{B1751972-5C05-5340-515B-0179BBFC945B}.Debug|Any CPU.Build.0 = Debug|Any CPU
		{B1751972-5C05-5340-515B-0179BBFC945B}.Release|Any CPU.ActiveCfg = Release|Any CPU
		{B1751972-5C05-5340-515B-0179BBFC945B}.Release|Any CPU.Build.0 = Release|Any CPU
		{C087395D-E528-8E0F-4DE0-D6C388DFF517}.Debug|Any CPU.ActiveCfg = Debug|Any CPU
		{C087395D-E528-8E0F-4DE0-D6C388DFF517}.Debug|Any CPU.Build.0 = Debug|Any CPU
		{C087395D-E528-8E0F-4DE0-D6C388DFF517}.Release|Any CPU.ActiveCfg = Release|Any CPU
		{C087395D-E528-8E0F-4DE0-D6C388DFF517}.Release|Any CPU.Build.0 = Release|Any CPU
	EndGlobalSection
	GlobalSection(SolutionProperties) = preSolution
		HideSolutionNode = FALSE
	EndGlobalSection
EndGlobal
